
Microsoft Visual Studio Solution File, Format Version 12.00
# Visual Studio Version 16
VisualStudioVersion = 16.0.30907.101
MinimumVisualStudioVersion = 10.0.40219.1
Project("{FAE04EC0-301F-11D3-BF4B-00C04F79EFBC}") = "LearningPortal", "LearningPortal\LearningPortal.csproj", "{994D91E4-5CBB-4639-B89A-F7FC90F2965B}"
EndProject
Project("{FAE04EC0-301F-11D3-BF4B-00C04F79EFBC}") = "LearningPortal.Domain", "LearningPortal.Domain\LearningPortal.Domain.csproj", "{18800BD7-C564-4156-A6E7-44A9CE0A41C1}"
EndProject
Project("{FAE04EC0-301F-11D3-BF4B-00C04F79EFBC}") = "LearningPortal.Core", "LearningPortal.Core\LearningPortal.Core.csproj", "{7CF30F43-D823-4CB3-9470-C07634049320}"
EndProject
Project("{FAE04EC0-301F-11D3-BF4B-00C04F79EFBC}") = "LearningPortal.Data", "LearningPortal.Data\LearningPortal.Data.csproj", "{5E50BD87-E156-4CF4-A1E3-C82F20915E9B}"
EndProject
Global
	GlobalSection(SolutionConfigurationPlatforms) = preSolution
		Debug|Any CPU = Debug|Any CPU
		Release|Any CPU = Release|Any CPU
	EndGlobalSection
	GlobalSection(ProjectConfigurationPlatforms) = postSolution
		{994D91E4-5CBB-4639-B89A-F7FC90F2965B}.Debug|Any CPU.ActiveCfg = Debug|Any CPU
		{994D91E4-5CBB-4639-B89A-F7FC90F2965B}.Debug|Any CPU.Build.0 = Debug|Any CPU
		{994D91E4-5CBB-4639-B89A-F7FC90F2965B}.Release|Any CPU.ActiveCfg = Release|Any CPU
		{994D91E4-5CBB-4639-B89A-F7FC90F2965B}.Release|Any CPU.Build.0 = Release|Any CPU
		{18800BD7-C564-4156-A6E7-44A9CE0A41C1}.Debug|Any CPU.ActiveCfg = Debug|Any CPU
		{18800BD7-C564-4156-A6E7-44A9CE0A41C1}.Debug|Any CPU.Build.0 = Debug|Any CPU
		{18800BD7-C564-4156-A6E7-44A9CE0A41C1}.Release|Any CPU.ActiveCfg = Release|Any CPU
		{18800BD7-C564-4156-A6E7-44A9CE0A41C1}.Release|Any CPU.Build.0 = Release|Any CPU
		{7CF30F43-D823-4CB3-9470-C07634049320}.Debug|Any CPU.ActiveCfg = Debug|Any CPU
		{7CF30F43-D823-4CB3-9470-C07634049320}.Debug|Any CPU.Build.0 = Debug|Any CPU
		{7CF30F43-D823-4CB3-9470-C07634049320}.Release|Any CPU.ActiveCfg = Release|Any CPU
		{7CF30F43-D823-4CB3-9470-C07634049320}.Release|Any CPU.Build.0 = Release|Any CPU
		{5E50BD87-E156-4CF4-A1E3-C82F20915E9B}.Debug|Any CPU.ActiveCfg = Debug|Any CPU
		{5E50BD87-E156-4CF4-A1E3-C82F20915E9B}.Debug|Any CPU.Build.0 = Debug|Any CPU
		{5E50BD87-E156-4CF4-A1E3-C82F20915E9B}.Release|Any CPU.ActiveCfg = Release|Any CPU
		{5E50BD87-E156-4CF4-A1E3-C82F20915E9B}.Release|Any CPU.Build.0 = Release|Any CPU
	EndGlobalSection
	GlobalSection(SolutionProperties) = preSolution
		HideSolutionNode = FALSE
	EndGlobalSection
	GlobalSection(ExtensibilityGlobals) = postSolution
		SolutionGuid = {EC295D9F-C61C-4D47-A06E-D4B25CE827B4}
	EndGlobalSection
EndGlobal
