
Microsoft Visual Studio Solution File, Format Version 12.00
# Visual Studio Version 16
VisualStudioVersion = 16.0.30907.101
MinimumVisualStudioVersion = 10.0.40219.1
Project("{FAE04EC0-301F-11D3-BF4B-00C04F79EFBC}") = "LearningPortal", "LearningPortal\LearningPortal.csproj", "{1A865B59-6F08-4DD3-9A42-0F75D182482C}"
EndProject
Project("{FAE04EC0-301F-11D3-BF4B-00C04F79EFBC}") = "LearningPortal.Domain", "LearningPortal.Domain\LearningPortal.Domain.csproj", "{E63B0715-487B-4207-A7CE-B08680395F41}"
EndProject
Project("{FAE04EC0-301F-11D3-BF4B-00C04F79EFBC}") = "LearningPortal.Core", "LearningPortal.Core\LearningPortal.Core.csproj", "{9D6E07BE-C253-4531-BBDE-02C561965812}"
EndProject
Project("{FAE04EC0-301F-11D3-BF4B-00C04F79EFBC}") = "LearningPortal.Data", "LearningPortal.Data\LearningPortal.Data.csproj", "{AB25F478-0AC6-4CB9-8695-75A3168697FB}"
EndProject
Global
	GlobalSection(SolutionConfigurationPlatforms) = preSolution
		Debug|Any CPU = Debug|Any CPU
		Release|Any CPU = Release|Any CPU
	EndGlobalSection
	GlobalSection(ProjectConfigurationPlatforms) = postSolution
		{1A865B59-6F08-4DD3-9A42-0F75D182482C}.Debug|Any CPU.ActiveCfg = Debug|Any CPU
		{1A865B59-6F08-4DD3-9A42-0F75D182482C}.Debug|Any CPU.Build.0 = Debug|Any CPU
		{1A865B59-6F08-4DD3-9A42-0F75D182482C}.Release|Any CPU.ActiveCfg = Release|Any CPU
		{1A865B59-6F08-4DD3-9A42-0F75D182482C}.Release|Any CPU.Build.0 = Release|Any CPU
		{E63B0715-487B-4207-A7CE-B08680395F41}.Debug|Any CPU.ActiveCfg = Debug|Any CPU
		{E63B0715-487B-4207-A7CE-B08680395F41}.Debug|Any CPU.Build.0 = Debug|Any CPU
		{E63B0715-487B-4207-A7CE-B08680395F41}.Release|Any CPU.ActiveCfg = Release|Any CPU
		{E63B0715-487B-4207-A7CE-B08680395F41}.Release|Any CPU.Build.0 = Release|Any CPU
		{9D6E07BE-C253-4531-BBDE-02C561965812}.Debug|Any CPU.ActiveCfg = Debug|Any CPU
		{9D6E07BE-C253-4531-BBDE-02C561965812}.Debug|Any CPU.Build.0 = Debug|Any CPU
		{9D6E07BE-C253-4531-BBDE-02C561965812}.Release|Any CPU.ActiveCfg = Release|Any CPU
		{9D6E07BE-C253-4531-BBDE-02C561965812}.Release|Any CPU.Build.0 = Release|Any CPU
		{AB25F478-0AC6-4CB9-8695-75A3168697FB}.Debug|Any CPU.ActiveCfg = Debug|Any CPU
		{AB25F478-0AC6-4CB9-8695-75A3168697FB}.Debug|Any CPU.Build.0 = Debug|Any CPU
		{AB25F478-0AC6-4CB9-8695-75A3168697FB}.Release|Any CPU.ActiveCfg = Release|Any CPU
		{AB25F478-0AC6-4CB9-8695-75A3168697FB}.Release|Any CPU.Build.0 = Release|Any CPU
	EndGlobalSection
	GlobalSection(SolutionProperties) = preSolution
		HideSolutionNode = FALSE
	EndGlobalSection
	GlobalSection(ExtensibilityGlobals) = postSolution
		SolutionGuid = {2066222B-74F1-47B8-AAC4-C85A3160AFD1}
	EndGlobalSection
EndGlobal
